
Microsoft Visual Studio Solution File, Format Version 12.00
# Visual Studio 15
VisualStudioVersion = 15.0.27130.2036
MinimumVisualStudioVersion = 10.0.40219.1
Project("{FAE04EC0-301F-11D3-BF4B-00C04F79EFBC}") = "BookDemo", "BookDemo\BookDemo.csproj", "{A31F6232-9572-4340-A710-AD5B3BA1FA3E}"
EndProject
Global
	GlobalSection(SolutionConfigurationPlatforms) = preSolution
		Debug|Any CPU = Debug|Any CPU
		Release|Any CPU = Release|Any CPU
	EndGlobalSection
	GlobalSection(ProjectConfigurationPlatforms) = postSolution
		{A31F6232-9572-4340-A710-AD5B3BA1FA3E}.Debug|Any CPU.ActiveCfg = Debug|Any CPU
		{A31F6232-9572-4340-A710-AD5B3BA1FA3E}.Debug|Any CPU.Build.0 = Debug|Any CPU
		{A31F6232-9572-4340-A710-AD5B3BA1FA3E}.Release|Any CPU.ActiveCfg = Release|Any CPU
		{A31F6232-9572-4340-A710-AD5B3BA1FA3E}.Release|Any CPU.Build.0 = Release|Any CPU
	EndGlobalSection
	GlobalSection(SolutionProperties) = preSolution
		HideSolutionNode = FALSE
	EndGlobalSection
	GlobalSection(ExtensibilityGlobals) = postSolution
		SolutionGuid = {9E892F04-CC9F-4E17-9D94-7805B2EA8277}
	EndGlobalSection
EndGlobal
